# This file is automatically @generated by Cargo.
# It is not intended for manual editing.
version = 4

[[package]]
name = "aarch64_gdb"
version = "0.1.0"
source = "git+https://github.com/Natsu-B/aarch64_type1_hypervisor.git?rev=2c6cc212db9c5e70fc8db759c81f945f3d476513#2c6cc212db9c5e70fc8db759c81f945f3d476513"
dependencies = [
 "aarch64_mutex",
 "cpu",
 "exceptions",
 "gdb_remote",
 "io-api",
 "mutex",
]

[[package]]
name = "aarch64_hal"
version = "0.1.0"
source = "git+https://github.com/Natsu-B/aarch64_type1_hypervisor.git?rev=2c6cc212db9c5e70fc8db759c81f945f3d476513#2c6cc212db9c5e70fc8db759c81f945f3d476513"
dependencies = [
 "aarch64_gdb",
 "aarch64_mutex",
 "common",
 "cpu",
 "exceptions",
 "gic",
 "paging",
 "print",
 "psci",
 "soc",
 "timer",
 "tls",
]

[[package]]
name = "aarch64_mutex"
version = "0.1.0"
source = "git+https://github.com/Natsu-B/aarch64_type1_hypervisor.git?rev=2c6cc212db9c5e70fc8db759c81f945f3d476513#2c6cc212db9c5e70fc8db759c81f945f3d476513"
dependencies = [
 "cpu",
 "mutex",
]

[[package]]
name = "adler2"
version = "2.0.1"
source = "registry+https://github.com/rust-lang/crates.io-index"
checksum = "320119579fcad9c21884f5c4861d16174d0e06250625266f50fe6898340abefa"

[[package]]
name = "allocator"
version = "0.1.0"
source = "git+https://github.com/Natsu-B/aarch64_type1_hypervisor.git?rev=2c6cc212db9c5e70fc8db759c81f945f3d476513#2c6cc212db9c5e70fc8db759c81f945f3d476513"
dependencies = [
 "intrusive_linked_list",
 "mutex",
 "typestate",
]

[[package]]
name = "arch_hal"
version = "0.1.0"
source = "git+https://github.com/Natsu-B/aarch64_type1_hypervisor.git?rev=2c6cc212db9c5e70fc8db759c81f945f3d476513#2c6cc212db9c5e70fc8db759c81f945f3d476513"
dependencies = [
 "aarch64_hal",
]

[[package]]
name = "block-device"
version = "0.1.0"
source = "git+https://github.com/Natsu-B/aarch64_type1_hypervisor.git?rev=2c6cc212db9c5e70fc8db759c81f945f3d476513#2c6cc212db9c5e70fc8db759c81f945f3d476513"
dependencies = [
 "allocator",
 "block-device-api",
 "cpu",
 "mutex",
 "typestate",
 "typestate_macro",
 "virtio",
]

[[package]]
name = "block-device-api"
version = "0.1.0"
source = "git+https://github.com/Natsu-B/aarch64_type1_hypervisor.git?rev=2c6cc212db9c5e70fc8db759c81f945f3d476513#2c6cc212db9c5e70fc8db759c81f945f3d476513"
dependencies = [
 "io-api",
]

[[package]]
name = "cfg-if"
version = "1.0.4"
source = "registry+https://github.com/rust-lang/crates.io-index"
checksum = "9330f8b2ff13f34540b44e946ef35111825727b38d33286ef986142615121801"

[[package]]
name = "common"
version = "0.1.0"
source = "git+https://github.com/Natsu-B/aarch64_type1_hypervisor.git?rev=2c6cc212db9c5e70fc8db759c81f945f3d476513#2c6cc212db9c5e70fc8db759c81f945f3d476513"

[[package]]
name = "cpu"
version = "0.1.0"
source = "git+https://github.com/Natsu-B/aarch64_type1_hypervisor.git?rev=2c6cc212db9c5e70fc8db759c81f945f3d476513#2c6cc212db9c5e70fc8db759c81f945f3d476513"
dependencies = [
 "typestate",
 "typestate_macro",
]

[[package]]
name = "crc32fast"
version = "1.5.0"
source = "registry+https://github.com/rust-lang/crates.io-index"
checksum = "9481c1c90cbf2ac953f07c8d4a58aa3945c425b7185c9154d67a65e4230da511"
dependencies = [
 "cfg-if",
]

[[package]]
name = "critical-section"
version = "1.2.0"
source = "registry+https://github.com/rust-lang/crates.io-index"
checksum = "790eea4361631c5e7d22598ecd5723ff611904e3344ce8720784c93e3d83d40b"

[[package]]
name = "dtb"
version = "0.1.0"
source = "git+https://github.com/Natsu-B/aarch64_type1_hypervisor.git?rev=2c6cc212db9c5e70fc8db759c81f945f3d476513#2c6cc212db9c5e70fc8db759c81f945f3d476513"
dependencies = [
 "allocator",
 "common",
 "typestate",
]

[[package]]
name = "embedded-hal"
version = "1.0.0"
source = "registry+https://github.com/rust-lang/crates.io-index"
checksum = "361a90feb7004eca4019fb28352a9465666b24f840f5c3cddf0ff13920590b89"

[[package]]
name = "embedded-hal-bus"
version = "0.3.0"
source = "registry+https://github.com/rust-lang/crates.io-index"
checksum = "513e0b3a8fb7d3013a8ae17a834283f170deaf7d0eeab0a7c1a36ad4dd356d22"
dependencies = [
 "critical-section",
 "embedded-hal",
]

[[package]]
name = "exceptions"
version = "0.1.0"
source = "git+https://github.com/Natsu-B/aarch64_type1_hypervisor.git?rev=2c6cc212db9c5e70fc8db759c81f945f3d476513#2c6cc212db9c5e70fc8db759c81f945f3d476513"
dependencies = [
 "common",
 "cpu",
 "print",
 "psci",
 "typestate",
 "typestate_macro",
]

[[package]]
name = "file"
version = "0.1.0"
source = "git+https://github.com/Natsu-B/aarch64_type1_hypervisor.git?rev=2c6cc212db9c5e70fc8db759c81f945f3d476513#2c6cc212db9c5e70fc8db759c81f945f3d476513"
dependencies = [
 "allocator",
 "block-device",
 "block-device-api",
 "filesystem",
 "mutex",
 "typestate",
 "typestate_macro",
]

[[package]]
name = "filesystem"
version = "0.1.0"
source = "git+https://github.com/Natsu-B/aarch64_type1_hypervisor.git?rev=2c6cc212db9c5e70fc8db759c81f945f3d476513#2c6cc212db9c5e70fc8db759c81f945f3d476513"
dependencies = [
 "allocator",
 "block-device-api",
 "mutex",
 "typestate",
 "typestate_macro",
]

[[package]]
name = "gdb_remote"
version = "0.1.0"
source = "git+https://github.com/Natsu-B/aarch64_type1_hypervisor.git?rev=2c6cc212db9c5e70fc8db759c81f945f3d476513#2c6cc212db9c5e70fc8db759c81f945f3d476513"
dependencies = [
 "io-api",
]

[[package]]
name = "gic"
version = "0.1.0"
source = "git+https://github.com/Natsu-B/aarch64_type1_hypervisor.git?rev=2c6cc212db9c5e70fc8db759c81f945f3d476513#2c6cc212db9c5e70fc8db759c81f945f3d476513"
dependencies = [
 "aarch64_mutex",
 "common",
 "cpu",
 "mutex",
 "tls",
 "typestate",
 "typestate_macro",
]

[[package]]
name = "intrusive_linked_list"
version = "0.1.0"
source = "git+https://github.com/Natsu-B/aarch64_type1_hypervisor.git?rev=2c6cc212db9c5e70fc8db759c81f945f3d476513#2c6cc212db9c5e70fc8db759c81f945f3d476513"

[[package]]
name = "io-api"
version = "0.1.0"
source = "git+https://github.com/Natsu-B/aarch64_type1_hypervisor.git?rev=2c6cc212db9c5e70fc8db759c81f945f3d476513#2c6cc212db9c5e70fc8db759c81f945f3d476513"

[[package]]
name = "miniz_oxide"
version = "0.9.1"
source = "registry+https://github.com/rust-lang/crates.io-index"
checksum = "b63fbc4a50860e98e7b2aa7804ded1db5cbc3aff9193adaff57a6931bf7c4b4c"
dependencies = [
 "adler2",
]

[[package]]
name = "mutex"
version = "0.1.0"
source = "git+https://github.com/Natsu-B/aarch64_type1_hypervisor.git?rev=2c6cc212db9c5e70fc8db759c81f945f3d476513#2c6cc212db9c5e70fc8db759c81f945f3d476513"
dependencies = [
 "typestate",
]

[[package]]
name = "net"
version = "0.1.0"
source = "git+https://github.com/Natsu-B/aarch64_type1_hypervisor.git?rev=2c6cc212db9c5e70fc8db759c81f945f3d476513#2c6cc212db9c5e70fc8db759c81f945f3d476513"
dependencies = [
 "io-api",
]

[[package]]
name = "paging"
version = "0.1.0"
source = "git+https://github.com/Natsu-B/aarch64_type1_hypervisor.git?rev=2c6cc212db9c5e70fc8db759c81f945f3d476513#2c6cc212db9c5e70fc8db759c81f945f3d476513"
dependencies = [
 "allocator",
 "common",
 "cpu",
 "typestate",
 "typestate_macro",
]

[[package]]
name = "pci"
version = "0.1.0"
source = "git+https://github.com/Natsu-B/aarch64_type1_hypervisor.git?rev=2c6cc212db9c5e70fc8db759c81f945f3d476513#2c6cc212db9c5e70fc8db759c81f945f3d476513"
dependencies = [
 "typestate",
 "typestate_macro",
]

[[package]]
name = "print"
version = "0.1.0"
source = "git+https://github.com/Natsu-B/aarch64_type1_hypervisor.git?rev=2c6cc212db9c5e70fc8db759c81f945f3d476513#2c6cc212db9c5e70fc8db759c81f945f3d476513"
dependencies = [
 "io-api",
 "mutex",
 "typestate",
 "typestate_macro",
]

[[package]]
name = "proc-macro2"
version = "1.0.106"
source = "registry+https://github.com/rust-lang/crates.io-index"
checksum = "8fd00f0bb2e90d81d1044c2b32617f68fcb9fa3bb7640c23e9c748e53fb30934"
dependencies = [
 "unicode-ident",
]

[[package]]
name = "psci"
version = "0.1.0"
source = "git+https://github.com/Natsu-B/aarch64_type1_hypervisor.git?rev=2c6cc212db9c5e70fc8db759c81f945f3d476513#2c6cc212db9c5e70fc8db759c81f945f3d476513"
dependencies = [
 "cpu",
 "print",
]

[[package]]
name = "quote"
version = "1.0.45"
source = "registry+https://github.com/rust-lang/crates.io-index"
checksum = "41f2619966050689382d2b44f664f4bc593e129785a36d6ee376ddf37259b924"
dependencies = [
 "proc-macro2",
]

[[package]]
name = "rp1_chainboot_poc"
version = "0.1.0"
dependencies = [
 "allocator",
 "arch_hal",
 "block-device-api",
 "crc32fast",
 "dtb",
 "embedded-hal",
 "embedded-hal-bus",
 "file",
 "filesystem",
 "io-api",
 "miniz_oxide",
 "mutex",
 "net",
 "timer",
]

[[package]]
name = "soc"
version = "0.1.0"
source = "git+https://github.com/Natsu-B/aarch64_type1_hypervisor.git?rev=2c6cc212db9c5e70fc8db759c81f945f3d476513#2c6cc212db9c5e70fc8db759c81f945f3d476513"
dependencies = [
 "common",
 "cpu",
 "dtb",
 "io-api",
 "mutex",
 "pci",
 "print",
 "timer",
 "typestate",
 "typestate_macro",
]

[[package]]
name = "syn"
version = "2.0.117"
source = "registry+https://github.com/rust-lang/crates.io-index"
checksum = "e665b8803e7b1d2a727f4023456bbbbe74da67099c585258af0ad9c5013b9b99"
dependencies = [
 "proc-macro2",
 "quote",
 "unicode-ident",
]

[[package]]
name = "timer"
version = "0.1.0"
source = "git+https://github.com/Natsu-B/aarch64_type1_hypervisor.git?rev=2c6cc212db9c5e70fc8db759c81f945f3d476513#2c6cc212db9c5e70fc8db759c81f945f3d476513"
dependencies = [
 "cpu",
]

[[package]]
name = "tls"
version = "0.1.0"
source = "git+https://github.com/Natsu-B/aarch64_type1_hypervisor.git?rev=2c6cc212db9c5e70fc8db759c81f945f3d476513#2c6cc212db9c5e70fc8db759c81f945f3d476513"
dependencies = [
 "cpu",
 "mutex",
]

[[package]]
name = "typestate"
version = "0.1.0"
source = "git+https://github.com/Natsu-B/aarch64_type1_hypervisor.git?rev=2c6cc212db9c5e70fc8db759c81f945f3d476513#2c6cc212db9c5e70fc8db759c81f945f3d476513"

[[package]]
name = "typestate_macro"
version = "0.1.0"
source = "git+https://github.com/Natsu-B/aarch64_type1_hypervisor.git?rev=2c6cc212db9c5e70fc8db759c81f945f3d476513#2c6cc212db9c5e70fc8db759c81f945f3d476513"
dependencies = [
 "proc-macro2",
 "quote",
 "syn",
]

[[package]]
name = "unicode-ident"
version = "1.0.24"
source = "registry+https://github.com/rust-lang/crates.io-index"
checksum = "e6e4313cd5fcd3dad5cafa179702e2b244f760991f45397d14d4ebf38247da75"

[[package]]
name = "virtio"
version = "0.1.0"
source = "git+https://github.com/Natsu-B/aarch64_type1_hypervisor.git?rev=2c6cc212db9c5e70fc8db759c81f945f3d476513#2c6cc212db9c5e70fc8db759c81f945f3d476513"
dependencies = [
 "allocator",
 "cpu",
 "intrusive_linked_list",
 "mutex",
 "typestate",
 "typestate_macro",
]

[[package]]
name = "xtask"
version = "0.1.0"
